
Microsoft Visual Studio Solution File, Format Version 11.00
# Visual Studio Version 16
Project("{8BC9CEB8-8B4A-11D0-8D11-00A0C91BC942}") = "3d", "3d.vcxproj", "{80BC2C6E-02D7-4091-98BB-574791DDDB9E}"
EndProject
Project("{8BC9CEB8-8B4A-11D0-8D11-00A0C91BC942}") = "3d_multi", "3d_multi.vcxproj", "{42C9863E-EB1B-4FFD-9659-48F3148ADEFF}"
EndProject
Project("{8BC9CEB8-8B4A-11D0-8D11-00A0C91BC942}") = "event_parameter", "event_parameter.vcxproj", "{974FCCDE-F3FC-42A0-938D-AD5B1E84CBB7}"
EndProject
Project("{8BC9CEB8-8B4A-11D0-8D11-00A0C91BC942}") = "load_banks", "load_banks.vcxproj", "{C749E5C2-EA9C-43B5-9E2C-D4F7D2C628F6}"
EndProject
Project("{8BC9CEB8-8B4A-11D0-8D11-00A0C91BC942}") = "music_callbacks", "music_callbacks.vcxproj", "{B38740A4-60C6-49E2-AB07-ABF2395E723E}"
EndProject
Project("{8BC9CEB8-8B4A-11D0-8D11-00A0C91BC942}") = "objectpan", "objectpan.vcxproj", "{CA2E5C43-3DD4-486A-BF7E-70AE12AE56A7}"
EndProject
Project("{8BC9CEB8-8B4A-11D0-8D11-00A0C91BC942}") = "programmer_sound", "programmer_sound.vcxproj", "{1EE2F773-5026-467A-B026-B240DC280D3A}"
EndProject
Project("{8BC9CEB8-8B4A-11D0-8D11-00A0C91BC942}") = "recording_playback", "recording_playback.vcxproj", "{CC6ED551-D7BD-4DBD-8BEB-81F1913076FC}"
EndProject
Project("{8BC9CEB8-8B4A-11D0-8D11-00A0C91BC942}") = "simple_event", "simple_event.vcxproj", "{904378CA-62EA-4544-B849-9447A9255FB1}"
EndProject
Global
	GlobalSection(SolutionConfigurationPlatforms) = preSolution
		Debug|Win32 = Debug|Win32
		Debug|x64 = Debug|x64
		Release|Win32 = Release|Win32
		Release|x64 = Release|x64
	EndGlobalSection
	GlobalSection(ProjectConfigurationPlatforms) = postSolution
		{80BC2C6E-02D7-4091-98BB-574791DDDB9E}.Debug|Win32.ActiveCfg = Debug|Win32
		{80BC2C6E-02D7-4091-98BB-574791DDDB9E}.Debug|Win32.Build.0 = Debug|Win32
		{80BC2C6E-02D7-4091-98BB-574791DDDB9E}.Debug|Win32.Deploy.0 = Debug|Win32
		{80BC2C6E-02D7-4091-98BB-574791DDDB9E}.Debug|x64.ActiveCfg = Debug|x64
		{80BC2C6E-02D7-4091-98BB-574791DDDB9E}.Debug|x64.Build.0 = Debug|x64
		{80BC2C6E-02D7-4091-98BB-574791DDDB9E}.Debug|x64.Deploy.0 = Debug|x64
		{80BC2C6E-02D7-4091-98BB-574791DDDB9E}.Release|Win32.ActiveCfg = Release|Win32
		{80BC2C6E-02D7-4091-98BB-574791DDDB9E}.Release|Win32.Build.0 = Release|Win32
		{80BC2C6E-02D7-4091-98BB-574791DDDB9E}.Release|Win32.Deploy.0 = Release|Win32
		{80BC2C6E-02D7-4091-98BB-574791DDDB9E}.Release|x64.ActiveCfg = Release|x64
		{80BC2C6E-02D7-4091-98BB-574791DDDB9E}.Release|x64.Build.0 = Release|x64
		{80BC2C6E-02D7-4091-98BB-574791DDDB9E}.Release|x64.Deploy.0 = Release|x64
		{42C9863E-EB1B-4FFD-9659-48F3148ADEFF}.Debug|Win32.ActiveCfg = Debug|Win32
		{42C9863E-EB1B-4FFD-9659-48F3148ADEFF}.Debug|Win32.Build.0 = Debug|Win32
		{42C9863E-EB1B-4FFD-9659-48F3148ADEFF}.Debug|Win32.Deploy.0 = Debug|Win32
		{42C9863E-EB1B-4FFD-9659-48F3148ADEFF}.Debug|x64.ActiveCfg = Debug|x64
		{42C9863E-EB1B-4FFD-9659-48F3148ADEFF}.Debug|x64.Build.0 = Debug|x64
		{42C9863E-EB1B-4FFD-9659-48F3148ADEFF}.Debug|x64.Deploy.0 = Debug|x64
		{42C9863E-EB1B-4FFD-9659-48F3148ADEFF}.Release|Win32.ActiveCfg = Release|Win32
		{42C9863E-EB1B-4FFD-9659-48F3148ADEFF}.Release|Win32.Build.0 = Release|Win32
		{42C9863E-EB1B-4FFD-9659-48F3148ADEFF}.Release|Win32.Deploy.0 = Release|Win32
		{42C9863E-EB1B-4FFD-9659-48F3148ADEFF}.Release|x64.ActiveCfg = Release|x64
		{42C9863E-EB1B-4FFD-9659-48F3148ADEFF}.Release|x64.Build.0 = Release|x64
		{42C9863E-EB1B-4FFD-9659-48F3148ADEFF}.Release|x64.Deploy.0 = Release|x64
		{974FCCDE-F3FC-42A0-938D-AD5B1E84CBB7}.Debug|Win32.ActiveCfg = Debug|Win32
		{974FCCDE-F3FC-42A0-938D-AD5B1E84CBB7}.Debug|Win32.Build.0 = Debug|Win32
		{974FCCDE-F3FC-42A0-938D-AD5B1E84CBB7}.Debug|Win32.Deploy.0 = Debug|Win32
		{974FCCDE-F3FC-42A0-938D-AD5B1E84CBB7}.Debug|x64.ActiveCfg = Debug|x64
		{974FCCDE-F3FC-42A0-938D-AD5B1E84CBB7}.Debug|x64.Build.0 = Debug|x64
		{974FCCDE-F3FC-42A0-938D-AD5B1E84CBB7}.Debug|x64.Deploy.0 = Debug|x64
		{974FCCDE-F3FC-42A0-938D-AD5B1E84CBB7}.Release|Win32.ActiveCfg = Release|Win32
		{974FCCDE-F3FC-42A0-938D-AD5B1E84CBB7}.Release|Win32.Build.0 = Release|Win32
		{974FCCDE-F3FC-42A0-938D-AD5B1E84CBB7}.Release|Win32.Deploy.0 = Release|Win32
		{974FCCDE-F3FC-42A0-938D-AD5B1E84CBB7}.Release|x64.ActiveCfg = Release|x64
		{974FCCDE-F3FC-42A0-938D-AD5B1E84CBB7}.Release|x64.Build.0 = Release|x64
		{974FCCDE-F3FC-42A0-938D-AD5B1E84CBB7}.Release|x64.Deploy.0 = Release|x64
		{C749E5C2-EA9C-43B5-9E2C-D4F7D2C628F6}.Debug|Win32.ActiveCfg = Debug|Win32
		{C749E5C2-EA9C-43B5-9E2C-D4F7D2C628F6}.Debug|Win32.Build.0 = Debug|Win32
		{C749E5C2-EA9C-43B5-9E2C-D4F7D2C628F6}.Debug|Win32.Deploy.0 = Debug|Win32
		{C749E5C2-EA9C-43B5-9E2C-D4F7D2C628F6}.Debug|x64.ActiveCfg = Debug|x64
		{C749E5C2-EA9C-43B5-9E2C-D4F7D2C628F6}.Debug|x64.Build.0 = Debug|x64
		{C749E5C2-EA9C-43B5-9E2C-D4F7D2C628F6}.Debug|x64.Deploy.0 = Debug|x64
		{C749E5C2-EA9C-43B5-9E2C-D4F7D2C628F6}.Release|Win32.ActiveCfg = Release|Win32
		{C749E5C2-EA9C-43B5-9E2C-D4F7D2C628F6}.Release|Win32.Build.0 = Release|Win32
		{C749E5C2-EA9C-43B5-9E2C-D4F7D2C628F6}.Release|Win32.Deploy.0 = Release|Win32
		{C749E5C2-EA9C-43B5-9E2C-D4F7D2C628F6}.Release|x64.ActiveCfg = Release|x64
		{C749E5C2-EA9C-43B5-9E2C-D4F7D2C628F6}.Release|x64.Build.0 = Release|x64
		{C749E5C2-EA9C-43B5-9E2C-D4F7D2C628F6}.Release|x64.Deploy.0 = Release|x64
		{B38740A4-60C6-49E2-AB07-ABF2395E723E}.Debug|Win32.ActiveCfg = Debug|Win32
		{B38740A4-60C6-49E2-AB07-ABF2395E723E}.Debug|Win32.Build.0 = Debug|Win32
		{B38740A4-60C6-49E2-AB07-ABF2395E723E}.Debug|Win32.Deploy.0 = Debug|Win32
		{B38740A4-60C6-49E2-AB07-ABF2395E723E}.Debug|x64.ActiveCfg = Debug|x64
		{B38740A4-60C6-49E2-AB07-ABF2395E723E}.Debug|x64.Build.0 = Debug|x64
		{B38740A4-60C6-49E2-AB07-ABF2395E723E}.Debug|x64.Deploy.0 = Debug|x64
		{B38740A4-60C6-49E2-AB07-ABF2395E723E}.Release|Win32.ActiveCfg = Release|Win32
		{B38740A4-60C6-49E2-AB07-ABF2395E723E}.Release|Win32.Build.0 = Release|Win32
		{B38740A4-60C6-49E2-AB07-ABF2395E723E}.Release|Win32.Deploy.0 = Release|Win32
		{B38740A4-60C6-49E2-AB07-ABF2395E723E}.Release|x64.ActiveCfg = Release|x64
		{B38740A4-60C6-49E2-AB07-ABF2395E723E}.Release|x64.Build.0 = Release|x64
		{B38740A4-60C6-49E2-AB07-ABF2395E723E}.Release|x64.Deploy.0 = Release|x64
		{CA2E5C43-3DD4-486A-BF7E-70AE12AE56A7}.Debug|Win32.ActiveCfg = Debug|Win32
		{CA2E5C43-3DD4-486A-BF7E-70AE12AE56A7}.Debug|Win32.Build.0 = Debug|Win32
		{CA2E5C43-3DD4-486A-BF7E-70AE12AE56A7}.Debug|Win32.Deploy.0 = Debug|Win32
		{CA2E5C43-3DD4-486A-BF7E-70AE12AE56A7}.Debug|x64.ActiveCfg = Debug|x64
		{CA2E5C43-3DD4-486A-BF7E-70AE12AE56A7}.Debug|x64.Build.0 = Debug|x64
		{CA2E5C43-3DD4-486A-BF7E-70AE12AE56A7}.Debug|x64.Deploy.0 = Debug|x64
		{CA2E5C43-3DD4-486A-BF7E-70AE12AE56A7}.Release|Win32.ActiveCfg = Release|Win32
		{CA2E5C43-3DD4-486A-BF7E-70AE12AE56A7}.Release|Win32.Build.0 = Release|Win32
		{CA2E5C43-3DD4-486A-BF7E-70AE12AE56A7}.Release|Win32.Deploy.0 = Release|Win32
		{CA2E5C43-3DD4-486A-BF7E-70AE12AE56A7}.Release|x64.ActiveCfg = Release|x64
		{CA2E5C43-3DD4-486A-BF7E-70AE12AE56A7}.Release|x64.Build.0 = Release|x64
		{CA2E5C43-3DD4-486A-BF7E-70AE12AE56A7}.Release|x64.Deploy.0 = Release|x64
		{1EE2F773-5026-467A-B026-B240DC280D3A}.Debug|Win32.ActiveCfg = Debug|Win32
		{1EE2F773-5026-467A-B026-B240DC280D3A}.Debug|Win32.Build.0 = Debug|Win32
		{1EE2F773-5026-467A-B026-B240DC280D3A}.Debug|Win32.Deploy.0 = Debug|Win32
		{1EE2F773-5026-467A-B026-B240DC280D3A}.Debug|x64.ActiveCfg = Debug|x64
		{1EE2F773-5026-467A-B026-B240DC280D3A}.Debug|x64.Build.0 = Debug|x64
		{1EE2F773-5026-467A-B026-B240DC280D3A}.Debug|x64.Deploy.0 = Debug|x64
		{1EE2F773-5026-467A-B026-B240DC280D3A}.Release|Win32.ActiveCfg = Release|Win32
		{1EE2F773-5026-467A-B026-B240DC280D3A}.Release|Win32.Build.0 = Release|Win32
		{1EE2F773-5026-467A-B026-B240DC280D3A}.Release|Win32.Deploy.0 = Release|Win32
		{1EE2F773-5026-467A-B026-B240DC280D3A}.Release|x64.ActiveCfg = Release|x64
		{1EE2F773-5026-467A-B026-B240DC280D3A}.Release|x64.Build.0 = Release|x64
		{1EE2F773-5026-467A-B026-B240DC280D3A}.Release|x64.Deploy.0 = Release|x64
		{CC6ED551-D7BD-4DBD-8BEB-81F1913076FC}.Debug|Win32.ActiveCfg = Debug|Win32
		{CC6ED551-D7BD-4DBD-8BEB-81F1913076FC}.Debug|Win32.Build.0 = Debug|Win32
		{CC6ED551-D7BD-4DBD-8BEB-81F1913076FC}.Debug|Win32.Deploy.0 = Debug|Win32
		{CC6ED551-D7BD-4DBD-8BEB-81F1913076FC}.Debug|x64.ActiveCfg = Debug|x64
		{CC6ED551-D7BD-4DBD-8BEB-81F1913076FC}.Debug|x64.Build.0 = Debug|x64
		{CC6ED551-D7BD-4DBD-8BEB-81F1913076FC}.Debug|x64.Deploy.0 = Debug|x64
		{CC6ED551-D7BD-4DBD-8BEB-81F1913076FC}.Release|Win32.ActiveCfg = Release|Win32
		{CC6ED551-D7BD-4DBD-8BEB-81F1913076FC}.Release|Win32.Build.0 = Release|Win32
		{CC6ED551-D7BD-4DBD-8BEB-81F1913076FC}.Release|Win32.Deploy.0 = Release|Win32
		{CC6ED551-D7BD-4DBD-8BEB-81F1913076FC}.Release|x64.ActiveCfg = Release|x64
		{CC6ED551-D7BD-4DBD-8BEB-81F1913076FC}.Release|x64.Build.0 = Release|x64
		{CC6ED551-D7BD-4DBD-8BEB-81F1913076FC}.Release|x64.Deploy.0 = Release|x64
		{904378CA-62EA-4544-B849-9447A9255FB1}.Debug|Win32.ActiveCfg = Debug|Win32
		{904378CA-62EA-4544-B849-9447A9255FB1}.Debug|Win32.Build.0 = Debug|Win32
		{904378CA-62EA-4544-B849-9447A9255FB1}.Debug|Win32.Deploy.0 = Debug|Win32
		{904378CA-62EA-4544-B849-9447A9255FB1}.Debug|x64.ActiveCfg = Debug|x64
		{904378CA-62EA-4544-B849-9447A9255FB1}.Debug|x64.Build.0 = Debug|x64
		{904378CA-62EA-4544-B849-9447A9255FB1}.Debug|x64.Deploy.0 = Debug|x64
		{904378CA-62EA-4544-B849-9447A9255FB1}.Release|Win32.ActiveCfg = Release|Win32
		{904378CA-62EA-4544-B849-9447A9255FB1}.Release|Win32.Build.0 = Release|Win32
		{904378CA-62EA-4544-B849-9447A9255FB1}.Release|Win32.Deploy.0 = Release|Win32
		{904378CA-62EA-4544-B849-9447A9255FB1}.Release|x64.ActiveCfg = Release|x64
		{904378CA-62EA-4544-B849-9447A9255FB1}.Release|x64.Build.0 = Release|x64
		{904378CA-62EA-4544-B849-9447A9255FB1}.Release|x64.Deploy.0 = Release|x64
	EndGlobalSection
	GlobalSection(SolutionProperties) = preSolution
		HideSolutionNode = FALSE
	EndGlobalSection
EndGlobal
