
Microsoft Visual Studio Solution File, Format Version 11.00
# Visual Studio 15
Project("{8BC9CEB8-8B4A-11D0-8D11-00A0C91BC942}") = "3d", "3d.vcxproj", "{327A931D-D502-41BF-B852-EDBE79F2DBC2}"
EndProject
Project("{8BC9CEB8-8B4A-11D0-8D11-00A0C91BC942}") = "3d_multi", "3d_multi.vcxproj", "{2F65537B-A696-4643-90D2-1020C153F91C}"
EndProject
Project("{8BC9CEB8-8B4A-11D0-8D11-00A0C91BC942}") = "event_parameter", "event_parameter.vcxproj", "{F96D7FCB-43B0-44FB-906C-9E4202EC62F6}"
EndProject
Project("{8BC9CEB8-8B4A-11D0-8D11-00A0C91BC942}") = "load_banks", "load_banks.vcxproj", "{5E33007E-0B79-4319-B941-B06EE77298A7}"
EndProject
Project("{8BC9CEB8-8B4A-11D0-8D11-00A0C91BC942}") = "music_callbacks", "music_callbacks.vcxproj", "{B7DDDDCB-3436-455B-9B34-9177BAA8F96B}"
EndProject
Project("{8BC9CEB8-8B4A-11D0-8D11-00A0C91BC942}") = "objectpan", "objectpan.vcxproj", "{C3129A4E-0F7A-4C34-8CAC-9C0E109B7EC5}"
EndProject
Project("{8BC9CEB8-8B4A-11D0-8D11-00A0C91BC942}") = "programmer_sound", "programmer_sound.vcxproj", "{5DB35981-81D7-403D-8B4E-0A2946088A4B}"
EndProject
Project("{8BC9CEB8-8B4A-11D0-8D11-00A0C91BC942}") = "recording_playback", "recording_playback.vcxproj", "{664ABE40-3F6B-4E8E-9B76-69D347D8620B}"
EndProject
Project("{8BC9CEB8-8B4A-11D0-8D11-00A0C91BC942}") = "simple_event", "simple_event.vcxproj", "{63B074D3-FD58-4C9D-A3A7-B13779DDD374}"
EndProject
Global
	GlobalSection(SolutionConfigurationPlatforms) = preSolution
		Debug|Win32 = Debug|Win32
		Debug|x64 = Debug|x64
		Release|Win32 = Release|Win32
		Release|x64 = Release|x64
	EndGlobalSection
	GlobalSection(ProjectConfigurationPlatforms) = postSolution
		{327A931D-D502-41BF-B852-EDBE79F2DBC2}.Debug|Win32.ActiveCfg = Debug|Win32
		{327A931D-D502-41BF-B852-EDBE79F2DBC2}.Debug|Win32.Build.0 = Debug|Win32
		{327A931D-D502-41BF-B852-EDBE79F2DBC2}.Debug|Win32.Deploy.0 = Debug|Win32
		{327A931D-D502-41BF-B852-EDBE79F2DBC2}.Debug|x64.ActiveCfg = Debug|x64
		{327A931D-D502-41BF-B852-EDBE79F2DBC2}.Debug|x64.Build.0 = Debug|x64
		{327A931D-D502-41BF-B852-EDBE79F2DBC2}.Debug|x64.Deploy.0 = Debug|x64
		{327A931D-D502-41BF-B852-EDBE79F2DBC2}.Release|Win32.ActiveCfg = Release|Win32
		{327A931D-D502-41BF-B852-EDBE79F2DBC2}.Release|Win32.Build.0 = Release|Win32
		{327A931D-D502-41BF-B852-EDBE79F2DBC2}.Release|Win32.Deploy.0 = Release|Win32
		{327A931D-D502-41BF-B852-EDBE79F2DBC2}.Release|x64.ActiveCfg = Release|x64
		{327A931D-D502-41BF-B852-EDBE79F2DBC2}.Release|x64.Build.0 = Release|x64
		{327A931D-D502-41BF-B852-EDBE79F2DBC2}.Release|x64.Deploy.0 = Release|x64
		{2F65537B-A696-4643-90D2-1020C153F91C}.Debug|Win32.ActiveCfg = Debug|Win32
		{2F65537B-A696-4643-90D2-1020C153F91C}.Debug|Win32.Build.0 = Debug|Win32
		{2F65537B-A696-4643-90D2-1020C153F91C}.Debug|Win32.Deploy.0 = Debug|Win32
		{2F65537B-A696-4643-90D2-1020C153F91C}.Debug|x64.ActiveCfg = Debug|x64
		{2F65537B-A696-4643-90D2-1020C153F91C}.Debug|x64.Build.0 = Debug|x64
		{2F65537B-A696-4643-90D2-1020C153F91C}.Debug|x64.Deploy.0 = Debug|x64
		{2F65537B-A696-4643-90D2-1020C153F91C}.Release|Win32.ActiveCfg = Release|Win32
		{2F65537B-A696-4643-90D2-1020C153F91C}.Release|Win32.Build.0 = Release|Win32
		{2F65537B-A696-4643-90D2-1020C153F91C}.Release|Win32.Deploy.0 = Release|Win32
		{2F65537B-A696-4643-90D2-1020C153F91C}.Release|x64.ActiveCfg = Release|x64
		{2F65537B-A696-4643-90D2-1020C153F91C}.Release|x64.Build.0 = Release|x64
		{2F65537B-A696-4643-90D2-1020C153F91C}.Release|x64.Deploy.0 = Release|x64
		{F96D7FCB-43B0-44FB-906C-9E4202EC62F6}.Debug|Win32.ActiveCfg = Debug|Win32
		{F96D7FCB-43B0-44FB-906C-9E4202EC62F6}.Debug|Win32.Build.0 = Debug|Win32
		{F96D7FCB-43B0-44FB-906C-9E4202EC62F6}.Debug|Win32.Deploy.0 = Debug|Win32
		{F96D7FCB-43B0-44FB-906C-9E4202EC62F6}.Debug|x64.ActiveCfg = Debug|x64
		{F96D7FCB-43B0-44FB-906C-9E4202EC62F6}.Debug|x64.Build.0 = Debug|x64
		{F96D7FCB-43B0-44FB-906C-9E4202EC62F6}.Debug|x64.Deploy.0 = Debug|x64
		{F96D7FCB-43B0-44FB-906C-9E4202EC62F6}.Release|Win32.ActiveCfg = Release|Win32
		{F96D7FCB-43B0-44FB-906C-9E4202EC62F6}.Release|Win32.Build.0 = Release|Win32
		{F96D7FCB-43B0-44FB-906C-9E4202EC62F6}.Release|Win32.Deploy.0 = Release|Win32
		{F96D7FCB-43B0-44FB-906C-9E4202EC62F6}.Release|x64.ActiveCfg = Release|x64
		{F96D7FCB-43B0-44FB-906C-9E4202EC62F6}.Release|x64.Build.0 = Release|x64
		{F96D7FCB-43B0-44FB-906C-9E4202EC62F6}.Release|x64.Deploy.0 = Release|x64
		{5E33007E-0B79-4319-B941-B06EE77298A7}.Debug|Win32.ActiveCfg = Debug|Win32
		{5E33007E-0B79-4319-B941-B06EE77298A7}.Debug|Win32.Build.0 = Debug|Win32
		{5E33007E-0B79-4319-B941-B06EE77298A7}.Debug|Win32.Deploy.0 = Debug|Win32
		{5E33007E-0B79-4319-B941-B06EE77298A7}.Debug|x64.ActiveCfg = Debug|x64
		{5E33007E-0B79-4319-B941-B06EE77298A7}.Debug|x64.Build.0 = Debug|x64
		{5E33007E-0B79-4319-B941-B06EE77298A7}.Debug|x64.Deploy.0 = Debug|x64
		{5E33007E-0B79-4319-B941-B06EE77298A7}.Release|Win32.ActiveCfg = Release|Win32
		{5E33007E-0B79-4319-B941-B06EE77298A7}.Release|Win32.Build.0 = Release|Win32
		{5E33007E-0B79-4319-B941-B06EE77298A7}.Release|Win32.Deploy.0 = Release|Win32
		{5E33007E-0B79-4319-B941-B06EE77298A7}.Release|x64.ActiveCfg = Release|x64
		{5E33007E-0B79-4319-B941-B06EE77298A7}.Release|x64.Build.0 = Release|x64
		{5E33007E-0B79-4319-B941-B06EE77298A7}.Release|x64.Deploy.0 = Release|x64
		{B7DDDDCB-3436-455B-9B34-9177BAA8F96B}.Debug|Win32.ActiveCfg = Debug|Win32
		{B7DDDDCB-3436-455B-9B34-9177BAA8F96B}.Debug|Win32.Build.0 = Debug|Win32
		{B7DDDDCB-3436-455B-9B34-9177BAA8F96B}.Debug|Win32.Deploy.0 = Debug|Win32
		{B7DDDDCB-3436-455B-9B34-9177BAA8F96B}.Debug|x64.ActiveCfg = Debug|x64
		{B7DDDDCB-3436-455B-9B34-9177BAA8F96B}.Debug|x64.Build.0 = Debug|x64
		{B7DDDDCB-3436-455B-9B34-9177BAA8F96B}.Debug|x64.Deploy.0 = Debug|x64
		{B7DDDDCB-3436-455B-9B34-9177BAA8F96B}.Release|Win32.ActiveCfg = Release|Win32
		{B7DDDDCB-3436-455B-9B34-9177BAA8F96B}.Release|Win32.Build.0 = Release|Win32
		{B7DDDDCB-3436-455B-9B34-9177BAA8F96B}.Release|Win32.Deploy.0 = Release|Win32
		{B7DDDDCB-3436-455B-9B34-9177BAA8F96B}.Release|x64.ActiveCfg = Release|x64
		{B7DDDDCB-3436-455B-9B34-9177BAA8F96B}.Release|x64.Build.0 = Release|x64
		{B7DDDDCB-3436-455B-9B34-9177BAA8F96B}.Release|x64.Deploy.0 = Release|x64
		{C3129A4E-0F7A-4C34-8CAC-9C0E109B7EC5}.Debug|Win32.ActiveCfg = Debug|Win32
		{C3129A4E-0F7A-4C34-8CAC-9C0E109B7EC5}.Debug|Win32.Build.0 = Debug|Win32
		{C3129A4E-0F7A-4C34-8CAC-9C0E109B7EC5}.Debug|Win32.Deploy.0 = Debug|Win32
		{C3129A4E-0F7A-4C34-8CAC-9C0E109B7EC5}.Debug|x64.ActiveCfg = Debug|x64
		{C3129A4E-0F7A-4C34-8CAC-9C0E109B7EC5}.Debug|x64.Build.0 = Debug|x64
		{C3129A4E-0F7A-4C34-8CAC-9C0E109B7EC5}.Debug|x64.Deploy.0 = Debug|x64
		{C3129A4E-0F7A-4C34-8CAC-9C0E109B7EC5}.Release|Win32.ActiveCfg = Release|Win32
		{C3129A4E-0F7A-4C34-8CAC-9C0E109B7EC5}.Release|Win32.Build.0 = Release|Win32
		{C3129A4E-0F7A-4C34-8CAC-9C0E109B7EC5}.Release|Win32.Deploy.0 = Release|Win32
		{C3129A4E-0F7A-4C34-8CAC-9C0E109B7EC5}.Release|x64.ActiveCfg = Release|x64
		{C3129A4E-0F7A-4C34-8CAC-9C0E109B7EC5}.Release|x64.Build.0 = Release|x64
		{C3129A4E-0F7A-4C34-8CAC-9C0E109B7EC5}.Release|x64.Deploy.0 = Release|x64
		{5DB35981-81D7-403D-8B4E-0A2946088A4B}.Debug|Win32.ActiveCfg = Debug|Win32
		{5DB35981-81D7-403D-8B4E-0A2946088A4B}.Debug|Win32.Build.0 = Debug|Win32
		{5DB35981-81D7-403D-8B4E-0A2946088A4B}.Debug|Win32.Deploy.0 = Debug|Win32
		{5DB35981-81D7-403D-8B4E-0A2946088A4B}.Debug|x64.ActiveCfg = Debug|x64
		{5DB35981-81D7-403D-8B4E-0A2946088A4B}.Debug|x64.Build.0 = Debug|x64
		{5DB35981-81D7-403D-8B4E-0A2946088A4B}.Debug|x64.Deploy.0 = Debug|x64
		{5DB35981-81D7-403D-8B4E-0A2946088A4B}.Release|Win32.ActiveCfg = Release|Win32
		{5DB35981-81D7-403D-8B4E-0A2946088A4B}.Release|Win32.Build.0 = Release|Win32
		{5DB35981-81D7-403D-8B4E-0A2946088A4B}.Release|Win32.Deploy.0 = Release|Win32
		{5DB35981-81D7-403D-8B4E-0A2946088A4B}.Release|x64.ActiveCfg = Release|x64
		{5DB35981-81D7-403D-8B4E-0A2946088A4B}.Release|x64.Build.0 = Release|x64
		{5DB35981-81D7-403D-8B4E-0A2946088A4B}.Release|x64.Deploy.0 = Release|x64
		{664ABE40-3F6B-4E8E-9B76-69D347D8620B}.Debug|Win32.ActiveCfg = Debug|Win32
		{664ABE40-3F6B-4E8E-9B76-69D347D8620B}.Debug|Win32.Build.0 = Debug|Win32
		{664ABE40-3F6B-4E8E-9B76-69D347D8620B}.Debug|Win32.Deploy.0 = Debug|Win32
		{664ABE40-3F6B-4E8E-9B76-69D347D8620B}.Debug|x64.ActiveCfg = Debug|x64
		{664ABE40-3F6B-4E8E-9B76-69D347D8620B}.Debug|x64.Build.0 = Debug|x64
		{664ABE40-3F6B-4E8E-9B76-69D347D8620B}.Debug|x64.Deploy.0 = Debug|x64
		{664ABE40-3F6B-4E8E-9B76-69D347D8620B}.Release|Win32.ActiveCfg = Release|Win32
		{664ABE40-3F6B-4E8E-9B76-69D347D8620B}.Release|Win32.Build.0 = Release|Win32
		{664ABE40-3F6B-4E8E-9B76-69D347D8620B}.Release|Win32.Deploy.0 = Release|Win32
		{664ABE40-3F6B-4E8E-9B76-69D347D8620B}.Release|x64.ActiveCfg = Release|x64
		{664ABE40-3F6B-4E8E-9B76-69D347D8620B}.Release|x64.Build.0 = Release|x64
		{664ABE40-3F6B-4E8E-9B76-69D347D8620B}.Release|x64.Deploy.0 = Release|x64
		{63B074D3-FD58-4C9D-A3A7-B13779DDD374}.Debug|Win32.ActiveCfg = Debug|Win32
		{63B074D3-FD58-4C9D-A3A7-B13779DDD374}.Debug|Win32.Build.0 = Debug|Win32
		{63B074D3-FD58-4C9D-A3A7-B13779DDD374}.Debug|Win32.Deploy.0 = Debug|Win32
		{63B074D3-FD58-4C9D-A3A7-B13779DDD374}.Debug|x64.ActiveCfg = Debug|x64
		{63B074D3-FD58-4C9D-A3A7-B13779DDD374}.Debug|x64.Build.0 = Debug|x64
		{63B074D3-FD58-4C9D-A3A7-B13779DDD374}.Debug|x64.Deploy.0 = Debug|x64
		{63B074D3-FD58-4C9D-A3A7-B13779DDD374}.Release|Win32.ActiveCfg = Release|Win32
		{63B074D3-FD58-4C9D-A3A7-B13779DDD374}.Release|Win32.Build.0 = Release|Win32
		{63B074D3-FD58-4C9D-A3A7-B13779DDD374}.Release|Win32.Deploy.0 = Release|Win32
		{63B074D3-FD58-4C9D-A3A7-B13779DDD374}.Release|x64.ActiveCfg = Release|x64
		{63B074D3-FD58-4C9D-A3A7-B13779DDD374}.Release|x64.Build.0 = Release|x64
		{63B074D3-FD58-4C9D-A3A7-B13779DDD374}.Release|x64.Deploy.0 = Release|x64
	EndGlobalSection
	GlobalSection(SolutionProperties) = preSolution
		HideSolutionNode = FALSE
	EndGlobalSection
EndGlobal
